
Microsoft Visual Studio Solution File, Format Version 12.00
# Visual Studio 15
Project("{FAE04EC0-301F-11D3-BF4B-00C04F79EFBC}") = "MedTest", "MedTest\MedTest.csproj", "{7892FB80-5E76-450C-B024-5166695F1F9D}"
EndProject
Global
	GlobalSection(SolutionConfigurationPlatforms) = preSolution
		Debug|Any CPU = Debug|Any CPU
		Release|Any CPU = Release|Any CPU
	EndGlobalSection
	GlobalSection(ProjectConfigurationPlatforms) = postSolution
		{7892FB80-5E76-450C-B024-5166695F1F9D}.Debug|Any CPU.ActiveCfg = Debug|Any CPU
		{7892FB80-5E76-450C-B024-5166695F1F9D}.Debug|Any CPU.Build.0 = Debug|Any CPU
		{7892FB80-5E76-450C-B024-5166695F1F9D}.Release|Any CPU.ActiveCfg = Release|Any CPU
		{7892FB80-5E76-450C-B024-5166695F1F9D}.Release|Any CPU.Build.0 = Release|Any CPU
	EndGlobalSection
EndGlobal
